apk-tools=2.14.10-r16
bash=5.3-r13
binutils=2.47-r1
bubblewrap=0.13.0-r0
build-base=1-r9
busybox=1.38.0-r2
ca-certificates=20260909-r1
ca-certificates-bundle=20260909-r1
coreutils=9.12-r3
curl=8.22.0-r3
cyrus-sasl-heimdal-libs=2.1.28-r58
findutils=4.11.0-r2
gcc=16.2.0-r1
gdbm=1.26-r6
git=2.55.0-r8
glibc-2.44=2.44-r7
glibc-2.44-dev=2.44-r7
glibc-2.44-locale-posix=2.44-r7
gmp=6.3.0-r10
gnutar=1.35-r12
gnutar-rmt=1.35-r12
grep=3.12-r8
heimdal-libs=7.8.0-r52
isl=0.28-r3
keyutils-libs=1.6.3-r40
krb5-conf=1.0-r9
krb5-libs=1.22.2-r4
ld-linux-2.44=2.44-r7
libacl1=2.4.0-r3
libatomic=16.2.0-r1
libattr1=2.6.0-r3
libaudit=4.2.1-r1
libbrotlicommon1=1.2.0-r5
libbrotlidec1=1.2.0-r5
libbrotlienc1=1.2.0-r5
libbsd=0.12.2-r8
libbz2-1=1.0.8-r24
libcap=2.78-r3
libcap-ng=0.9.6-r0
libcom_err=1.47.4-r2
libcrypt1-2.44=2.44-r7
libcrypto3=3.6.4-r8
libcurl-openssl4=8.22.0-r4
libexpat1=2.8.5-r0
libffi=3.8.0-r1
libgcc=16.2.0-r1
libgomp=16.2.0-r1
libidn2=2.3.8-r9
libldap=2.6.10-r5
libmd=1.3.0-r0
libnghttp2-14=1.70.0-r5
libpcre2-8-0=10.49-r1
libpsl=0.23.3-r1
libquadmath=16.2.0-r1
libselinux=3.11-r2
libsemanage=3.11-r2
libsepol=3.11-r3
libssl3=3.6.4-r8
libstdc++=16.2.0-r1
libstdc++-dev=16.2.0-r1
libunistring=1.4.2-r3
libuuid=2.42.4-r0
libverto=0.3.2-r8
libxcrypt=4.5.2-r5
libxcrypt-dev=4.5.2-r5
libzstd1=1.5.7-r10
linux-headers=7.2.9-r0
linux-pam=1.7.3-r0
make=4.4.1-r15
mpc=1.4.1-r1
mpdecimal=4.0.1-r4
mpfr=4.2.2-r3
ncurses=6.6.20260926-r0
ncurses-terminfo-base=6.6.20260926-r0
nghttp3=1.18.0-r1
ngtcp2=1.25.0-r5
openssf-compiler-options=20250904-r11
openssl-4.0-libcrypto=4.0.2-r2
openssl-4.0-libssl=4.0.2-r2
openssl-provider-legacy-allowed=4.0.2-r3
pkgconf=3.0.7-r0
posix-cc-wrappers=2-r10
py3-pip-wheel=26.2.1-r2
py3.12-pip=26.2.1-r2
py3.12-pip-base=26.2.1-r2
py3.12-setuptools=84.0.0-r0
python-3.12=3.12.15-r0
python-3.12-base=3.12.15-r0
readline=8.3-r3
ripgrep=15.2.0-r4
sed=4.10-r3
shadow=4.20.2-r1
sqlite-libs=3.53.4-r2
tini=0.19.0-r26
wolfi-base=1-r7
wolfi-baselayout=20230201-r30
wolfi-keys=1-r13
xz=5.8.4-r0
zlib=1.3.2.1_rc20260601-r0
